
Microsoft Visual Studio Solution File, Format Version 12.00
# Visual Studio Version 17
VisualStudioVersion = 17.0.32112.339
MinimumVisualStudioVersion = 10.0.40219.1
Project("{9A19103F-16F7-4668-BE54-9A1E7A4F7556}") = "CacheManager.WebApi", "CacheManager.WebApi\CacheManager.WebApi.csproj", "{63FD6F47-9A96-4123-9EE1-0602A7C777A0}"
EndProject
Project("{9A19103F-16F7-4668-BE54-9A1E7A4F7556}") = "CacheManager.Infrastructure", "CacheManager.Infrastructure\CacheManager.Infrastructure.csproj", "{DF6060BF-3F45-4F1B-A7EF-9895B6073F93}"
EndProject
Project("{9A19103F-16F7-4668-BE54-9A1E7A4F7556}") = "CacheManager.Application", "CacheManager.Application\CacheManager.Application.csproj", "{161CAE7C-9340-4043-8721-09831472905C}"
EndProject
Global
	GlobalSection(SolutionConfigurationPlatforms) = preSolution
		Debug|Any CPU = Debug|Any CPU
		Release|Any CPU = Release|Any CPU
	EndGlobalSection
	GlobalSection(ProjectConfigurationPlatforms) = postSolution
		{63FD6F47-9A96-4123-9EE1-0602A7C777A0}.Debug|Any CPU.ActiveCfg = Debug|Any CPU
		{63FD6F47-9A96-4123-9EE1-0602A7C777A0}.Debug|Any CPU.Build.0 = Debug|Any CPU
		{63FD6F47-9A96-4123-9EE1-0602A7C777A0}.Release|Any CPU.ActiveCfg = Release|Any CPU
		{63FD6F47-9A96-4123-9EE1-0602A7C777A0}.Release|Any CPU.Build.0 = Release|Any CPU
		{DF6060BF-3F45-4F1B-A7EF-9895B6073F93}.Debug|Any CPU.ActiveCfg = Debug|Any CPU
		{DF6060BF-3F45-4F1B-A7EF-9895B6073F93}.Debug|Any CPU.Build.0 = Debug|Any CPU
		{DF6060BF-3F45-4F1B-A7EF-9895B6073F93}.Release|Any CPU.ActiveCfg = Release|Any CPU
		{DF6060BF-3F45-4F1B-A7EF-9895B6073F93}.Release|Any CPU.Build.0 = Release|Any CPU
		{161CAE7C-9340-4043-8721-09831472905C}.Debug|Any CPU.ActiveCfg = Debug|Any CPU
		{161CAE7C-9340-4043-8721-09831472905C}.Debug|Any CPU.Build.0 = Debug|Any CPU
		{161CAE7C-9340-4043-8721-09831472905C}.Release|Any CPU.ActiveCfg = Release|Any CPU
		{161CAE7C-9340-4043-8721-09831472905C}.Release|Any CPU.Build.0 = Release|Any CPU
	EndGlobalSection
	GlobalSection(SolutionProperties) = preSolution
		HideSolutionNode = FALSE
	EndGlobalSection
	GlobalSection(ExtensibilityGlobals) = postSolution
		SolutionGuid = {49C4B266-CEBC-4A07-A705-211CE0D1D09A}
	EndGlobalSection
EndGlobal
